
Microsoft Visual Studio Solution File, Format Version 12.00
# Visual Studio Version 18
VisualStudioVersion = 18.4.11612.150
MinimumVisualStudioVersion = 10.0.40219.1
Project("{FAE04EC0-301F-11D3-BF4B-00C04F79EFBC}") = "Calculo ductos winUi 3", "Calculo ductos winUi 3\Calculo ductos winUi 3.csproj", "{6B7B5665-EFC1-47EF-B4E3-EAF7C3E1C7C3}"
EndProject
Project("{C7167F0D-BC9F-4E6E-AFE1-012C56B48DB5}") = "Ducto Planner (Package)", "Ducto Planner\Ducto Planner (Package)\Ducto Planner (Package).wapproj", "{40C11EF3-9F57-42A7-B928-70CD12A58978}"
EndProject
Project("{FAE04EC0-301F-11D3-BF4B-00C04F79EFBC}") = "Ducto Planner", "Ducto Planner\Ducto Planner\Ducto Planner.csproj", "{7B4BA4C8-5C86-492B-AEE4-49F8931FA0D8}"
EndProject
Project("{FAE04EC0-301F-11D3-BF4B-00C04F79EFBC}") = "CotizadorApiVertical", "CotizadorApiVertical\CotizadorApiVertical.csproj", "{6961CBE0-7640-46EE-8980-9B1D23182512}"
EndProject
Project("{FAE04EC0-301F-11D3-BF4B-00C04F79EFBC}") = "Calculo ductos", "Calculo ductos\Calculo ductos.csproj", "{36CF05A8-7AE8-F27D-E0B7-99C0D99B406A}"
EndProject
Global
	GlobalSection(SolutionConfigurationPlatforms) = preSolution
		Debug|ARM64 = Debug|ARM64
		Debug|x64 = Debug|x64
		Debug|x86 = Debug|x86
		Release|ARM64 = Release|ARM64
		Release|x64 = Release|x64
		Release|x86 = Release|x86
	EndGlobalSection
	GlobalSection(ProjectConfigurationPlatforms) = postSolution
		{6B7B5665-EFC1-47EF-B4E3-EAF7C3E1C7C3}.Debug|ARM64.ActiveCfg = Debug|ARM64
		{6B7B5665-EFC1-47EF-B4E3-EAF7C3E1C7C3}.Debug|ARM64.Build.0 = Debug|ARM64
		{6B7B5665-EFC1-47EF-B4E3-EAF7C3E1C7C3}.Debug|ARM64.Deploy.0 = Debug|ARM64
		{6B7B5665-EFC1-47EF-B4E3-EAF7C3E1C7C3}.Debug|x64.ActiveCfg = Debug|x64
		{6B7B5665-EFC1-47EF-B4E3-EAF7C3E1C7C3}.Debug|x64.Build.0 = Debug|x64
		{6B7B5665-EFC1-47EF-B4E3-EAF7C3E1C7C3}.Debug|x64.Deploy.0 = Debug|x64
		{6B7B5665-EFC1-47EF-B4E3-EAF7C3E1C7C3}.Debug|x86.ActiveCfg = Debug|x86
		{6B7B5665-EFC1-47EF-B4E3-EAF7C3E1C7C3}.Debug|x86.Build.0 = Debug|x86
		{6B7B5665-EFC1-47EF-B4E3-EAF7C3E1C7C3}.Debug|x86.Deploy.0 = Debug|x86
		{6B7B5665-EFC1-47EF-B4E3-EAF7C3E1C7C3}.Release|ARM64.ActiveCfg = Release|ARM64
		{6B7B5665-EFC1-47EF-B4E3-EAF7C3E1C7C3}.Release|ARM64.Build.0 = Release|ARM64
		{6B7B5665-EFC1-47EF-B4E3-EAF7C3E1C7C3}.Release|ARM64.Deploy.0 = Release|ARM64
		{6B7B5665-EFC1-47EF-B4E3-EAF7C3E1C7C3}.Release|x64.ActiveCfg = Release|x64
		{6B7B5665-EFC1-47EF-B4E3-EAF7C3E1C7C3}.Release|x64.Build.0 = Release|x64
		{6B7B5665-EFC1-47EF-B4E3-EAF7C3E1C7C3}.Release|x64.Deploy.0 = Release|x64
		{6B7B5665-EFC1-47EF-B4E3-EAF7C3E1C7C3}.Release|x86.ActiveCfg = Release|x86
		{6B7B5665-EFC1-47EF-B4E3-EAF7C3E1C7C3}.Release|x86.Build.0 = Release|x86
		{6B7B5665-EFC1-47EF-B4E3-EAF7C3E1C7C3}.Release|x86.Deploy.0 = Release|x86
		{40C11EF3-9F57-42A7-B928-70CD12A58978}.Debug|ARM64.ActiveCfg = Debug|ARM64
		{40C11EF3-9F57-42A7-B928-70CD12A58978}.Debug|ARM64.Build.0 = Debug|ARM64
		{40C11EF3-9F57-42A7-B928-70CD12A58978}.Debug|ARM64.Deploy.0 = Debug|ARM64
		{40C11EF3-9F57-42A7-B928-70CD12A58978}.Debug|x64.ActiveCfg = Debug|x64
		{40C11EF3-9F57-42A7-B928-70CD12A58978}.Debug|x64.Build.0 = Debug|x64
		{40C11EF3-9F57-42A7-B928-70CD12A58978}.Debug|x64.Deploy.0 = Debug|x64
		{40C11EF3-9F57-42A7-B928-70CD12A58978}.Debug|x86.ActiveCfg = Debug|x86
		{40C11EF3-9F57-42A7-B928-70CD12A58978}.Debug|x86.Build.0 = Debug|x86
		{40C11EF3-9F57-42A7-B928-70CD12A58978}.Debug|x86.Deploy.0 = Debug|x86
		{40C11EF3-9F57-42A7-B928-70CD12A58978}.Release|ARM64.ActiveCfg = Release|ARM64
		{40C11EF3-9F57-42A7-B928-70CD12A58978}.Release|ARM64.Build.0 = Release|ARM64
		{40C11EF3-9F57-42A7-B928-70CD12A58978}.Release|ARM64.Deploy.0 = Release|ARM64
		{40C11EF3-9F57-42A7-B928-70CD12A58978}.Release|x64.ActiveCfg = Release|x64
		{40C11EF3-9F57-42A7-B928-70CD12A58978}.Release|x64.Build.0 = Release|x64
		{40C11EF3-9F57-42A7-B928-70CD12A58978}.Release|x64.Deploy.0 = Release|x64
		{40C11EF3-9F57-42A7-B928-70CD12A58978}.Release|x86.ActiveCfg = Release|x86
		{40C11EF3-9F57-42A7-B928-70CD12A58978}.Release|x86.Build.0 = Release|x86
		{40C11EF3-9F57-42A7-B928-70CD12A58978}.Release|x86.Deploy.0 = Release|x86
		{7B4BA4C8-5C86-492B-AEE4-49F8931FA0D8}.Debug|ARM64.ActiveCfg = Debug|ARM64
		{7B4BA4C8-5C86-492B-AEE4-49F8931FA0D8}.Debug|ARM64.Build.0 = Debug|ARM64
		{7B4BA4C8-5C86-492B-AEE4-49F8931FA0D8}.Debug|x64.ActiveCfg = Debug|x64
		{7B4BA4C8-5C86-492B-AEE4-49F8931FA0D8}.Debug|x64.Build.0 = Debug|x64
		{7B4BA4C8-5C86-492B-AEE4-49F8931FA0D8}.Debug|x86.ActiveCfg = Debug|x86
		{7B4BA4C8-5C86-492B-AEE4-49F8931FA0D8}.Debug|x86.Build.0 = Debug|x86
		{7B4BA4C8-5C86-492B-AEE4-49F8931FA0D8}.Release|ARM64.ActiveCfg = Release|ARM64
		{7B4BA4C8-5C86-492B-AEE4-49F8931FA0D8}.Release|ARM64.Build.0 = Release|ARM64
		{7B4BA4C8-5C86-492B-AEE4-49F8931FA0D8}.Release|x64.ActiveCfg = Release|x64
		{7B4BA4C8-5C86-492B-AEE4-49F8931FA0D8}.Release|x64.Build.0 = Release|x64
		{7B4BA4C8-5C86-492B-AEE4-49F8931FA0D8}.Release|x86.ActiveCfg = Release|x86
		{7B4BA4C8-5C86-492B-AEE4-49F8931FA0D8}.Release|x86.Build.0 = Release|x86
		{6961CBE0-7640-46EE-8980-9B1D23182512}.Debug|ARM64.ActiveCfg = Debug|Any CPU
		{6961CBE0-7640-46EE-8980-9B1D23182512}.Debug|ARM64.Build.0 = Debug|Any CPU
		{6961CBE0-7640-46EE-8980-9B1D23182512}.Debug|x64.ActiveCfg = Debug|Any CPU
		{6961CBE0-7640-46EE-8980-9B1D23182512}.Debug|x64.Build.0 = Debug|Any CPU
		{6961CBE0-7640-46EE-8980-9B1D23182512}.Debug|x86.ActiveCfg = Debug|Any CPU
		{6961CBE0-7640-46EE-8980-9B1D23182512}.Debug|x86.Build.0 = Debug|Any CPU
		{6961CBE0-7640-46EE-8980-9B1D23182512}.Release|ARM64.ActiveCfg = Release|Any CPU
		{6961CBE0-7640-46EE-8980-9B1D23182512}.Release|ARM64.Build.0 = Release|Any CPU
		{6961CBE0-7640-46EE-8980-9B1D23182512}.Release|x64.ActiveCfg = Release|Any CPU
		{6961CBE0-7640-46EE-8980-9B1D23182512}.Release|x64.Build.0 = Release|Any CPU
		{6961CBE0-7640-46EE-8980-9B1D23182512}.Release|x86.ActiveCfg = Release|Any CPU
		{6961CBE0-7640-46EE-8980-9B1D23182512}.Release|x86.Build.0 = Release|Any CPU
		{36CF05A8-7AE8-F27D-E0B7-99C0D99B406A}.Debug|ARM64.ActiveCfg = Debug|Any CPU
		{36CF05A8-7AE8-F27D-E0B7-99C0D99B406A}.Debug|ARM64.Build.0 = Debug|Any CPU
		{36CF05A8-7AE8-F27D-E0B7-99C0D99B406A}.Debug|x64.ActiveCfg = Debug|Any CPU
		{36CF05A8-7AE8-F27D-E0B7-99C0D99B406A}.Debug|x64.Build.0 = Debug|Any CPU
		{36CF05A8-7AE8-F27D-E0B7-99C0D99B406A}.Debug|x86.ActiveCfg = Debug|Any CPU
		{36CF05A8-7AE8-F27D-E0B7-99C0D99B406A}.Debug|x86.Build.0 = Debug|Any CPU
		{36CF05A8-7AE8-F27D-E0B7-99C0D99B406A}.Release|ARM64.ActiveCfg = Release|Any CPU
		{36CF05A8-7AE8-F27D-E0B7-99C0D99B406A}.Release|ARM64.Build.0 = Release|Any CPU
		{36CF05A8-7AE8-F27D-E0B7-99C0D99B406A}.Release|x64.ActiveCfg = Release|Any CPU
		{36CF05A8-7AE8-F27D-E0B7-99C0D99B406A}.Release|x64.Build.0 = Release|Any CPU
		{36CF05A8-7AE8-F27D-E0B7-99C0D99B406A}.Release|x86.ActiveCfg = Release|Any CPU
		{36CF05A8-7AE8-F27D-E0B7-99C0D99B406A}.Release|x86.Build.0 = Release|Any CPU
	EndGlobalSection
	GlobalSection(SolutionProperties) = preSolution
		HideSolutionNode = FALSE
	EndGlobalSection
	GlobalSection(ExtensibilityGlobals) = postSolution
		SolutionGuid = {B1E54E27-29D3-4BB7-AC44-A71CC4F8BA43}
	EndGlobalSection
EndGlobal
